
Microsoft Visual Studio Solution File, Format Version 12.00
# Visual Studio 15
VisualStudioVersion = 15.0.27130.2024
MinimumVisualStudioVersion = 10.0.40219.1
Project("{FAE04EC0-301F-11D3-BF4B-00C04F79EFBC}") = "Problem 1 – Snowballs", "Exam Preparation\Problem 1 – Snowballs.csproj", "{826B7043-570D-43C3-8727-A11167FF6C6A}"
EndProject
Project("{FAE04EC0-301F-11D3-BF4B-00C04F79EFBC}") = "Problem 2 – Snowmen", "Problem 2 – Snowmen\Problem 2 – Snowmen.csproj", "{A55E579C-42D5-4EFE-98E6-FF37418BDF03}"
EndProject
Global
	GlobalSection(SolutionConfigurationPlatforms) = preSolution
		Debug|Any CPU = Debug|Any CPU
		Release|Any CPU = Release|Any CPU
	EndGlobalSection
	GlobalSection(ProjectConfigurationPlatforms) = postSolution
		{826B7043-570D-43C3-8727-A11167FF6C6A}.Debug|Any CPU.ActiveCfg = Debug|Any CPU
		{826B7043-570D-43C3-8727-A11167FF6C6A}.Debug|Any CPU.Build.0 = Debug|Any CPU
		{826B7043-570D-43C3-8727-A11167FF6C6A}.Release|Any CPU.ActiveCfg = Release|Any CPU
		{826B7043-570D-43C3-8727-A11167FF6C6A}.Release|Any CPU.Build.0 = Release|Any CPU
		{A55E579C-42D5-4EFE-98E6-FF37418BDF03}.Debug|Any CPU.ActiveCfg = Debug|Any CPU
		{A55E579C-42D5-4EFE-98E6-FF37418BDF03}.Debug|Any CPU.Build.0 = Debug|Any CPU
		{A55E579C-42D5-4EFE-98E6-FF37418BDF03}.Release|Any CPU.ActiveCfg = Release|Any CPU
		{A55E579C-42D5-4EFE-98E6-FF37418BDF03}.Release|Any CPU.Build.0 = Release|Any CPU
	EndGlobalSection
	GlobalSection(SolutionProperties) = preSolution
		HideSolutionNode = FALSE
	EndGlobalSection
	GlobalSection(ExtensibilityGlobals) = postSolution
		SolutionGuid = {F4F77ED8-C127-41C9-9A54-AAC377E67FE3}
	EndGlobalSection
EndGlobal
