
Microsoft Visual Studio Solution File, Format Version 12.00
# Visual Studio 15
VisualStudioVersion = 15.0.27130.2024
MinimumVisualStudioVersion = 10.0.40219.1
Project("{FAE04EC0-301F-11D3-BF4B-00C04F79EFBC}") = "1. Extract Emails", "Regular Expressions Exercises\1. Extract Emails.csproj", "{2AC4E034-F3E6-4348-B794-39C88C3E8587}"
EndProject
Project("{FAE04EC0-301F-11D3-BF4B-00C04F79EFBC}") = "2. Extract Sentences by Keyword", "2. Extract Sentences by Keyword\2. Extract Sentences by Keyword.csproj", "{767E1D6C-C521-4C63-B3B1-7322440BE495}"
EndProject
Project("{FAE04EC0-301F-11D3-BF4B-00C04F79EFBC}") = "3. Camera View", "3. Camera View\3. Camera View.csproj", "{96196DEC-1D05-47A6-B2A3-39A0B8A710DA}"
EndProject
Project("{FAE04EC0-301F-11D3-BF4B-00C04F79EFBC}") = "4. Weather", "4. Weather\4. Weather.csproj", "{F2722D3F-5532-41E2-AD95-91D95CE9FF9B}"
EndProject
Project("{FAE04EC0-301F-11D3-BF4B-00C04F79EFBC}") = "5. Key Replacer", "5. Key Replacer\5. Key Replacer.csproj", "{08EFF4E6-B0C4-402B-9907-294D344D1481}"
EndProject
Project("{FAE04EC0-301F-11D3-BF4B-00C04F79EFBC}") = "6. Valid Usernames", "6. Valid Usernames\6. Valid Usernames.csproj", "{D9364BD9-E8D4-4774-A5D7-8E750164FE1C}"
EndProject
Project("{FAE04EC0-301F-11D3-BF4B-00C04F79EFBC}") = "7. Query Mess", "7. Query Mess\7. Query Mess.csproj", "{8BC1FD6B-E18E-4518-ACC2-7013469B53A7}"
EndProject
Project("{FAE04EC0-301F-11D3-BF4B-00C04F79EFBC}") = "8. Use Your Chains, Buddy", "8. Use Your Chains, Buddy\8. Use Your Chains, Buddy.csproj", "{3D7A6ECC-B56D-40A8-94C0-C1342E951373}"
EndProject
Global
	GlobalSection(SolutionConfigurationPlatforms) = preSolution
		Debug|Any CPU = Debug|Any CPU
		Release|Any CPU = Release|Any CPU
	EndGlobalSection
	GlobalSection(ProjectConfigurationPlatforms) = postSolution
		{2AC4E034-F3E6-4348-B794-39C88C3E8587}.Debug|Any CPU.ActiveCfg = Debug|Any CPU
		{2AC4E034-F3E6-4348-B794-39C88C3E8587}.Debug|Any CPU.Build.0 = Debug|Any CPU
		{2AC4E034-F3E6-4348-B794-39C88C3E8587}.Release|Any CPU.ActiveCfg = Release|Any CPU
		{2AC4E034-F3E6-4348-B794-39C88C3E8587}.Release|Any CPU.Build.0 = Release|Any CPU
		{767E1D6C-C521-4C63-B3B1-7322440BE495}.Debug|Any CPU.ActiveCfg = Debug|Any CPU
		{767E1D6C-C521-4C63-B3B1-7322440BE495}.Debug|Any CPU.Build.0 = Debug|Any CPU
		{767E1D6C-C521-4C63-B3B1-7322440BE495}.Release|Any CPU.ActiveCfg = Release|Any CPU
		{767E1D6C-C521-4C63-B3B1-7322440BE495}.Release|Any CPU.Build.0 = Release|Any CPU
		{96196DEC-1D05-47A6-B2A3-39A0B8A710DA}.Debug|Any CPU.ActiveCfg = Debug|Any CPU
		{96196DEC-1D05-47A6-B2A3-39A0B8A710DA}.Debug|Any CPU.Build.0 = Debug|Any CPU
		{96196DEC-1D05-47A6-B2A3-39A0B8A710DA}.Release|Any CPU.ActiveCfg = Release|Any CPU
		{96196DEC-1D05-47A6-B2A3-39A0B8A710DA}.Release|Any CPU.Build.0 = Release|Any CPU
		{F2722D3F-5532-41E2-AD95-91D95CE9FF9B}.Debug|Any CPU.ActiveCfg = Debug|Any CPU
		{F2722D3F-5532-41E2-AD95-91D95CE9FF9B}.Debug|Any CPU.Build.0 = Debug|Any CPU
		{F2722D3F-5532-41E2-AD95-91D95CE9FF9B}.Release|Any CPU.ActiveCfg = Release|Any CPU
		{F2722D3F-5532-41E2-AD95-91D95CE9FF9B}.Release|Any CPU.Build.0 = Release|Any CPU
		{08EFF4E6-B0C4-402B-9907-294D344D1481}.Debug|Any CPU.ActiveCfg = Debug|Any CPU
		{08EFF4E6-B0C4-402B-9907-294D344D1481}.Debug|Any CPU.Build.0 = Debug|Any CPU
		{08EFF4E6-B0C4-402B-9907-294D344D1481}.Release|Any CPU.ActiveCfg = Release|Any CPU
		{08EFF4E6-B0C4-402B-9907-294D344D1481}.Release|Any CPU.Build.0 = Release|Any CPU
		{D9364BD9-E8D4-4774-A5D7-8E750164FE1C}.Debug|Any CPU.ActiveCfg = Debug|Any CPU
		{D9364BD9-E8D4-4774-A5D7-8E750164FE1C}.Debug|Any CPU.Build.0 = Debug|Any CPU
		{D9364BD9-E8D4-4774-A5D7-8E750164FE1C}.Release|Any CPU.ActiveCfg = Release|Any CPU
		{D9364BD9-E8D4-4774-A5D7-8E750164FE1C}.Release|Any CPU.Build.0 = Release|Any CPU
		{8BC1FD6B-E18E-4518-ACC2-7013469B53A7}.Debug|Any CPU.ActiveCfg = Debug|Any CPU
		{8BC1FD6B-E18E-4518-ACC2-7013469B53A7}.Debug|Any CPU.Build.0 = Debug|Any CPU
		{8BC1FD6B-E18E-4518-ACC2-7013469B53A7}.Release|Any CPU.ActiveCfg = Release|Any CPU
		{8BC1FD6B-E18E-4518-ACC2-7013469B53A7}.Release|Any CPU.Build.0 = Release|Any CPU
		{3D7A6ECC-B56D-40A8-94C0-C1342E951373}.Debug|Any CPU.ActiveCfg = Debug|Any CPU
		{3D7A6ECC-B56D-40A8-94C0-C1342E951373}.Debug|Any CPU.Build.0 = Debug|Any CPU
		{3D7A6ECC-B56D-40A8-94C0-C1342E951373}.Release|Any CPU.ActiveCfg = Release|Any CPU
		{3D7A6ECC-B56D-40A8-94C0-C1342E951373}.Release|Any CPU.Build.0 = Release|Any CPU
	EndGlobalSection
	GlobalSection(SolutionProperties) = preSolution
		HideSolutionNode = FALSE
	EndGlobalSection
	GlobalSection(ExtensibilityGlobals) = postSolution
		SolutionGuid = {46731965-4E0B-4BE7-B7FC-7D3103921645}
	EndGlobalSection
EndGlobal
