
Microsoft Visual Studio Solution File, Format Version 12.00
# Visual Studio 15
VisualStudioVersion = 15.0.27130.2024
MinimumVisualStudioVersion = 10.0.40219.1
Project("{FAE04EC0-301F-11D3-BF4B-00C04F79EFBC}") = "RectangleArea", "ProgFundBasicSyntax\RectangleArea.csproj", "{DAA5CFAB-C8D7-486A-B0B0-5A6B6B2863B2}"
EndProject
Project("{FAE04EC0-301F-11D3-BF4B-00C04F79EFBC}") = "MilesToKilometers", "MilesToKilometers\MilesToKilometers.csproj", "{52B7A41F-F6BF-4963-A6D7-B1049D34E993}"
EndProject
Project("{FAE04EC0-301F-11D3-BF4B-00C04F79EFBC}") = "BeverageLabels", "BeverageLabels\BeverageLabels.csproj", "{CF471B92-7B96-48DC-95BD-DDD4D333F132}"
EndProject
Project("{FAE04EC0-301F-11D3-BF4B-00C04F79EFBC}") = "CharacterStats", "CharacterStats\CharacterStats.csproj", "{A4E06B06-E771-4638-92E6-9DC90CE67428}"
EndProject
Global
	GlobalSection(SolutionConfigurationPlatforms) = preSolution
		Debug|Any CPU = Debug|Any CPU
		Release|Any CPU = Release|Any CPU
	EndGlobalSection
	GlobalSection(ProjectConfigurationPlatforms) = postSolution
		{DAA5CFAB-C8D7-486A-B0B0-5A6B6B2863B2}.Debug|Any CPU.ActiveCfg = Debug|Any CPU
		{DAA5CFAB-C8D7-486A-B0B0-5A6B6B2863B2}.Debug|Any CPU.Build.0 = Debug|Any CPU
		{DAA5CFAB-C8D7-486A-B0B0-5A6B6B2863B2}.Release|Any CPU.ActiveCfg = Release|Any CPU
		{DAA5CFAB-C8D7-486A-B0B0-5A6B6B2863B2}.Release|Any CPU.Build.0 = Release|Any CPU
		{52B7A41F-F6BF-4963-A6D7-B1049D34E993}.Debug|Any CPU.ActiveCfg = Debug|Any CPU
		{52B7A41F-F6BF-4963-A6D7-B1049D34E993}.Debug|Any CPU.Build.0 = Debug|Any CPU
		{52B7A41F-F6BF-4963-A6D7-B1049D34E993}.Release|Any CPU.ActiveCfg = Release|Any CPU
		{52B7A41F-F6BF-4963-A6D7-B1049D34E993}.Release|Any CPU.Build.0 = Release|Any CPU
		{CF471B92-7B96-48DC-95BD-DDD4D333F132}.Debug|Any CPU.ActiveCfg = Debug|Any CPU
		{CF471B92-7B96-48DC-95BD-DDD4D333F132}.Debug|Any CPU.Build.0 = Debug|Any CPU
		{CF471B92-7B96-48DC-95BD-DDD4D333F132}.Release|Any CPU.ActiveCfg = Release|Any CPU
		{CF471B92-7B96-48DC-95BD-DDD4D333F132}.Release|Any CPU.Build.0 = Release|Any CPU
		{A4E06B06-E771-4638-92E6-9DC90CE67428}.Debug|Any CPU.ActiveCfg = Debug|Any CPU
		{A4E06B06-E771-4638-92E6-9DC90CE67428}.Debug|Any CPU.Build.0 = Debug|Any CPU
		{A4E06B06-E771-4638-92E6-9DC90CE67428}.Release|Any CPU.ActiveCfg = Release|Any CPU
		{A4E06B06-E771-4638-92E6-9DC90CE67428}.Release|Any CPU.Build.0 = Release|Any CPU
	EndGlobalSection
	GlobalSection(SolutionProperties) = preSolution
		HideSolutionNode = FALSE
	EndGlobalSection
	GlobalSection(ExtensibilityGlobals) = postSolution
		SolutionGuid = {459DC08B-DF25-4639-B35C-A6EF5DA5B220}
	EndGlobalSection
EndGlobal
